github.com/collinglass/bptree v0.0.0-20150421005947-9bfc0de8049e h1:7yPXwlPutGq9GRybCfXBuX/zI6EKXtgCW8I5XDOvJl0=
github.com/collinglass/bptree v0.0.0-20150421005947-9bfc0de8049e/go.mod h1:GAugteqd9JOsaHsyD0tgA34S76LP53jNcn8jBg2pYXY=
github.com/segmentio/ksuid v1.0.3 h1:FoResxvleQwYiPAVKe1tMUlEirodZqlqglIuFsdDntY=
github.com/segmentio/ksuid v1.0.3/go.mod h1:/XUiZBD3kVx5SmUOl55voK5yeAbBNNIed+2O73XgrPE=
